{
  "name": "just_web_safe_colors",
  "version": "1.0.1",
  "lockfileVersion": 2,
  "requires": true,
  "packages": {
    "": {
      "version": "1.0.1",
      "license": "MIT",
      "dependencies": {
        "just_web_safe_colors": "^1.0.0"
      }
    },
    "node_modules/just_web_safe_colors": {
      "version": "1.0.0",
      "resolved": "https://registry.npmjs.org/just_web_safe_colors/-/just_web_safe_colors-1.0.0.tgz",
      "integrity": "sha512-cV3ytyXK16tLtaawG7/Z0E4woGtKLldTdq+TBU9gR6bJLWiTPzNeKDVwUZ+O9mPFDrigjQRV59GgSV4GV/4u0A=="
    }
  },
  "dependencies": {
    "just_web_safe_colors": {
      "version": "1.0.0",
      "resolved": "https://registry.npmjs.org/just_web_safe_colors/-/just_web_safe_colors-1.0.0.tgz",
      "integrity": "sha512-cV3ytyXK16tLtaawG7/Z0E4woGtKLldTdq+TBU9gR6bJLWiTPzNeKDVwUZ+O9mPFDrigjQRV59GgSV4GV/4u0A=="
    }
  }
}
